
Microsoft Visual Studio Solution File, Format Version 12.00
# Visual Studio 15
VisualStudioVersion = 15.0.26124.0
MinimumVisualStudioVersion = 15.0.26124.0
Project("{FAE04EC0-301F-11D3-BF4B-00C04F79EFBC}") = "LinearIr.Application", "LinearIr.Application\LinearIr.Application.csproj", "{4BA82067-1156-44B8-A1E2-5CA2666BA765}"
EndProject
Project("{FAE04EC0-301F-11D3-BF4B-00C04F79EFBC}") = "LinearIr.Test", "LinearIr.Test\LinearIr.Test.csproj", "{9D83F48E-5941-4307-80B6-E8331A3FC264}"
EndProject
Project("{FAE04EC0-301F-11D3-BF4B-00C04F79EFBC}") = "LinearIr.Library", "LinearIr.Library\LinearIr.Library.csproj", "{2687DC2D-F5F8-4C8F-82F5-18538E93F678}"
EndProject
Global
	GlobalSection(SolutionConfigurationPlatforms) = preSolution
		Debug|Any CPU = Debug|Any CPU
		Debug|x64 = Debug|x64
		Debug|x86 = Debug|x86
		Release|Any CPU = Release|Any CPU
		Release|x64 = Release|x64
		Release|x86 = Release|x86
	EndGlobalSection
	GlobalSection(SolutionProperties) = preSolution
		HideSolutionNode = FALSE
	EndGlobalSection
	GlobalSection(ProjectConfigurationPlatforms) = postSolution
		{4BA82067-1156-44B8-A1E2-5CA2666BA765}.Debug|Any CPU.ActiveCfg = Debug|Any CPU
		{4BA82067-1156-44B8-A1E2-5CA2666BA765}.Debug|Any CPU.Build.0 = Debug|Any CPU
		{4BA82067-1156-44B8-A1E2-5CA2666BA765}.Debug|x64.ActiveCfg = Debug|Any CPU
		{4BA82067-1156-44B8-A1E2-5CA2666BA765}.Debug|x64.Build.0 = Debug|Any CPU
		{4BA82067-1156-44B8-A1E2-5CA2666BA765}.Debug|x86.ActiveCfg = Debug|Any CPU
		{4BA82067-1156-44B8-A1E2-5CA2666BA765}.Debug|x86.Build.0 = Debug|Any CPU
		{4BA82067-1156-44B8-A1E2-5CA2666BA765}.Release|Any CPU.ActiveCfg = Release|Any CPU
		{4BA82067-1156-44B8-A1E2-5CA2666BA765}.Release|Any CPU.Build.0 = Release|Any CPU
		{4BA82067-1156-44B8-A1E2-5CA2666BA765}.Release|x64.ActiveCfg = Release|Any CPU
		{4BA82067-1156-44B8-A1E2-5CA2666BA765}.Release|x64.Build.0 = Release|Any CPU
		{4BA82067-1156-44B8-A1E2-5CA2666BA765}.Release|x86.ActiveCfg = Release|Any CPU
		{4BA82067-1156-44B8-A1E2-5CA2666BA765}.Release|x86.Build.0 = Release|Any CPU
		{9D83F48E-5941-4307-80B6-E8331A3FC264}.Debug|Any CPU.ActiveCfg = Debug|Any CPU
		{9D83F48E-5941-4307-80B6-E8331A3FC264}.Debug|Any CPU.Build.0 = Debug|Any CPU
		{9D83F48E-5941-4307-80B6-E8331A3FC264}.Debug|x64.ActiveCfg = Debug|Any CPU
		{9D83F48E-5941-4307-80B6-E8331A3FC264}.Debug|x64.Build.0 = Debug|Any CPU
		{9D83F48E-5941-4307-80B6-E8331A3FC264}.Debug|x86.ActiveCfg = Debug|Any CPU
		{9D83F48E-5941-4307-80B6-E8331A3FC264}.Debug|x86.Build.0 = Debug|Any CPU
		{9D83F48E-5941-4307-80B6-E8331A3FC264}.Release|Any CPU.ActiveCfg = Release|Any CPU
		{9D83F48E-5941-4307-80B6-E8331A3FC264}.Release|Any CPU.Build.0 = Release|Any CPU
		{9D83F48E-5941-4307-80B6-E8331A3FC264}.Release|x64.ActiveCfg = Release|Any CPU
		{9D83F48E-5941-4307-80B6-E8331A3FC264}.Release|x64.Build.0 = Release|Any CPU
		{9D83F48E-5941-4307-80B6-E8331A3FC264}.Release|x86.ActiveCfg = Release|Any CPU
		{9D83F48E-5941-4307-80B6-E8331A3FC264}.Release|x86.Build.0 = Release|Any CPU
		{2687DC2D-F5F8-4C8F-82F5-18538E93F678}.Debug|Any CPU.ActiveCfg = Debug|Any CPU
		{2687DC2D-F5F8-4C8F-82F5-18538E93F678}.Debug|Any CPU.Build.0 = Debug|Any CPU
		{2687DC2D-F5F8-4C8F-82F5-18538E93F678}.Debug|x64.ActiveCfg = Debug|Any CPU
		{2687DC2D-F5F8-4C8F-82F5-18538E93F678}.Debug|x64.Build.0 = Debug|Any CPU
		{2687DC2D-F5F8-4C8F-82F5-18538E93F678}.Debug|x86.ActiveCfg = Debug|Any CPU
		{2687DC2D-F5F8-4C8F-82F5-18538E93F678}.Debug|x86.Build.0 = Debug|Any CPU
		{2687DC2D-F5F8-4C8F-82F5-18538E93F678}.Release|Any CPU.ActiveCfg = Release|Any CPU
		{2687DC2D-F5F8-4C8F-82F5-18538E93F678}.Release|Any CPU.Build.0 = Release|Any CPU
		{2687DC2D-F5F8-4C8F-82F5-18538E93F678}.Release|x64.ActiveCfg = Release|Any CPU
		{2687DC2D-F5F8-4C8F-82F5-18538E93F678}.Release|x64.Build.0 = Release|Any CPU
		{2687DC2D-F5F8-4C8F-82F5-18538E93F678}.Release|x86.ActiveCfg = Release|Any CPU
		{2687DC2D-F5F8-4C8F-82F5-18538E93F678}.Release|x86.Build.0 = Release|Any CPU
	EndGlobalSection
EndGlobal
